// !$*UTF8*$!
{
	archiveVersion = 1;
	classes = {
	};
	objectVersion = 48;
	objects = {

/* Begin PBXBuildFile section */
		D70FDF3E200C8F1F00445D35 /* AppDelegate.swift in Sources */ = {isa = PBXBuildFile; fileRef = D70FDF3D200C8F1F00445D35 /* AppDelegate.swift */; };
		D70FDF40200C8F1F00445D35 /* ViewController.swift in Sources */ = {isa = PBXBuildFile; fileRef = D70FDF3F200C8F1F00445D35 /* ViewController.swift */; };
		D70FDF43200C8F1F00445D35 /* Main.storyboard in Resources */ = {isa = PBXBuildFile; fileRef = D70FDF41200C8F1F00445D35 /* Main.storyboard */; };
		D70FDF45200C8F1F00445D35 /* Assets.xcassets in Resources */ = {isa = PBXBuildFile; fileRef = D70FDF44200C8F1F00445D35 /* Assets.xcassets */; };
		D70FDF48200C8F1F00445D35 /* LaunchScreen.storyboard in Resources */ = {isa = PBXBuildFile; fileRef = D70FDF46200C8F1F00445D35 /* LaunchScreen.storyboard */; };
		D710D0BD225A381500B0AC13 /* source.swift in Sources */ = {isa = PBXBuildFile; fileRef = D710D0BC225A381500B0AC13 /* source.swift */; };
		D725D62B20BB9B03004382DB /* YYView.swift in Sources */ = {isa = PBXBuildFile; fileRef = D725D62920BB9AFD004382DB /* YYView.swift */; };
		D725D62C20BB9B03004382DB /* YYDate.swift in Sources */ = {isa = PBXBuildFile; fileRef = D725D62A20BB9B03004382DB /* YYDate.swift */; };
		D7D5FF4D20BF902200BBC1A0 /* BorderLable.swift in Sources */ = {isa = PBXBuildFile; fileRef = D7D5FF4C20BF902200BBC1A0 /* BorderLable.swift */; };
		D7DE342E207C4B3200440105 /* QSString.swift in Sources */ = {isa = PBXBuildFile; fileRef = D7DE342D207C4B3200440105 /* QSString.swift */; };
/* End PBXBuildFile section */

/* Begin PBXCopyFilesBuildPhase section */
		D73B3F9920638EE900BFD190 /* Embed Frameworks */ = {
			isa = PBXCopyFilesBuildPhase;
			buildActionMask = 2147483647;
			dstPath = "";
			dstSubfolderSpec = 10;
			files = (
			);
			name = "Embed Frameworks";
			runOnlyForDeploymentPostprocessing = 0;
		};
/* End PBXCopyFilesBuildPhase section */

/* Begin PBXFileReference section */
		D70FDF3A200C8F1F00445D35 /* swift_image_note.app */ = {isa = PBXFileReference; explicitFileType = wrapper.application; includeInIndex = 0; path = swift_image_note.app; sourceTree = BUILT_PRODUCTS_DIR; };
		D70FDF3D200C8F1F00445D35 /* AppDelegate.swift */ = {isa = PBXFileReference; lastKnownFileType = sourcecode.swift; path = AppDelegate.swift; sourceTree = "<group>"; };
		D70FDF3F200C8F1F00445D35 /* ViewController.swift */ = {isa = PBXFileReference; lastKnownFileType = sourcecode.swift; path = ViewController.swift; sourceTree = "<group>"; };
		D70FDF42200C8F1F00445D35 /* Base */ = {isa = PBXFileReference; lastKnownFileType = file.storyboard; name = Base; path = Base.lproj/Main.storyboard; sourceTree = "<group>"; };
		D70FDF44200C8F1F00445D35 /* Assets.xcassets */ = {isa = PBXFileReference; lastKnownFileType = folder.assetcatalog; path = Assets.xcassets; sourceTree = "<group>"; };
		D70FDF47200C8F1F00445D35 /* Base */ = {isa = PBXFileReference; lastKnownFileType = file.storyboard; name = Base; path = Base.lproj/LaunchScreen.storyboard; sourceTree = "<group>"; };
		D70FDF49200C8F1F00445D35 /* Info.plist */ = {isa = PBXFileReference; lastKnownFileType = text.plist.xml; path = Info.plist; sourceTree = "<group>"; };
		D710D0BC225A381500B0AC13 /* source.swift */ = {isa = PBXFileReference; lastKnownFileType = sourcecode.swift; path = source.swift; sourceTree = "<group>"; };
		D725D62920BB9AFD004382DB /* YYView.swift */ = {isa = PBXFileReference; fileEncoding = 4; lastKnownFileType = sourcecode.swift; path = YYView.swift; sourceTree = "<group>"; };
		D725D62A20BB9B03004382DB /* YYDate.swift */ = {isa = PBXFileReference; fileEncoding = 4; lastKnownFileType = sourcecode.swift; path = YYDate.swift; sourceTree = "<group>"; };
		D7D5FF4C20BF902200BBC1A0 /* BorderLable.swift */ = {isa = PBXFileReference; lastKnownFileType = sourcecode.swift; path = BorderLable.swift; sourceTree = "<group>"; };
		D7DE342D207C4B3200440105 /* QSString.swift */ = {isa = PBXFileReference; lastKnownFileType = sourcecode.swift; path = QSString.swift; sourceTree = "<group>"; };
/* End PBXFileReference section */

/* Begin PBXFrameworksBuildPhase section */
		D70FDF37200C8F1F00445D35 /* Frameworks */ = {
			isa = PBXFrameworksBuildPhase;
			buildActionMask = 2147483647;
			files = (
			);
			runOnlyForDeploymentPostprocessing = 0;
		};
/* End PBXFrameworksBuildPhase section */

/* Begin PBXGroup section */
		D70FDF31200C8F1F00445D35 = {
			isa = PBXGroup;
			children = (
				D70FDF3C200C8F1F00445D35 /* swift_image_note */,
				D70FDF3B200C8F1F00445D35 /* Products */,
			);
			sourceTree = "<group>";
		};
		D70FDF3B200C8F1F00445D35 /* Products */ = {
			isa = PBXGroup;
			children = (
				D70FDF3A200C8F1F00445D35 /* swift_image_note.app */,
			);
			name = Products;
			sourceTree = "<group>";
		};
		D70FDF3C200C8F1F00445D35 /* swift_image_note */ = {
			isa = PBXGroup;
			children = (
				D70FDF3D200C8F1F00445D35 /* AppDelegate.swift */,
				D70FDF3F200C8F1F00445D35 /* ViewController.swift */,
				D7DE342D207C4B3200440105 /* QSString.swift */,
				D725D62A20BB9B03004382DB /* YYDate.swift */,
				D710D0BC225A381500B0AC13 /* source.swift */,
				D725D62920BB9AFD004382DB /* YYView.swift */,
				D7D5FF4C20BF902200BBC1A0 /* BorderLable.swift */,
				D70FDF41200C8F1F00445D35 /* Main.storyboard */,
				D70FDF44200C8F1F00445D35 /* Assets.xcassets */,
				D70FDF46200C8F1F00445D35 /* LaunchScreen.storyboard */,
				D70FDF49200C8F1F00445D35 /* Info.plist */,
			);
			path = swift_image_note;
			sourceTree = "<group>";
		};
/* End PBXGroup section */

/* Begin PBXNativeTarget section */
		D70FDF39200C8F1F00445D35 /* swift_image_note */ = {
			isa = PBXNativeTarget;
			buildConfigurationList = D70FDF4C200C8F1F00445D35 /* Build configuration list for PBXNativeTarget "swift_image_note" */;
			buildPhases = (
				D70FDF36200C8F1F00445D35 /* Sources */,
				D70FDF37200C8F1F00445D35 /* Frameworks */,
				D70FDF38200C8F1F00445D35 /* Resources */,
				D73B3F9920638EE900BFD190 /* Embed Frameworks */,
			);
			buildRules = (
			);
			dependencies = (
			);
			name = swift_image_note;
			productName = swift_image_note;
			productReference = D70FDF3A200C8F1F00445D35 /* swift_image_note.app */;
			productType = "com.apple.product-type.application";
		};
/* End PBXNativeTarget section */

/* Begin PBXProject section */
		D70FDF32200C8F1F00445D35 /* Project object */ = {
			isa = PBXProject;
			attributes = {
				LastSwiftUpdateCheck = 0920;
				LastUpgradeCheck = 0920;
				ORGANIZATIONNAME = GCI;
				TargetAttributes = {
					D70FDF39200C8F1F00445D35 = {
						CreatedOnToolsVersion = 9.2;
						ProvisioningStyle = Automatic;
					};
				};
			};
			buildConfigurationList = D70FDF35200C8F1F00445D35 /* Build configuration list for PBXProject "swift_image_note" */;
			compatibilityVersion = "Xcode 8.0";
			developmentRegion = en;
			hasScannedForEncodings = 0;
			knownRegions = (
				en,
				Base,
			);
			mainGroup = D70FDF31200C8F1F00445D35;
			productRefGroup = D70FDF3B200C8F1F00445D35 /* Products */;
			projectDirPath = "";
			projectRoot = "";
			targets = (
				D70FDF39200C8F1F00445D35 /* swift_image_note */,
			);
		};
/* End PBXProject section */

/* Begin PBXResourcesBuildPhase section */
		D70FDF38200C8F1F00445D35 /* Resources */ = {
			isa = PBXResourcesBuildPhase;
			buildActionMask = 2147483647;
			files = (
				D70FDF48200C8F1F00445D35 /* LaunchScreen.storyboard in Resources */,
				D70FDF45200C8F1F00445D35 /* Assets.xcassets in Resources */,
				D70FDF43200C8F1F00445D35 /* Main.storyboard in Resources */,
			);
			runOnlyForDeploymentPostprocessing = 0;
		};
/* End PBXResourcesBuildPhase section */

/* Begin PBXSourcesBuildPhase section */
		D70FDF36200C8F1F00445D35 /* Sources */ = {
			isa = PBXSourcesBuildPhase;
			buildActionMask = 2147483647;
			files = (
				D70FDF40200C8F1F00445D35 /* ViewController.swift in Sources */,
				D725D62B20BB9B03004382DB /* YYView.swift in Sources */,
				D7DE342E207C4B3200440105 /* QSString.swift in Sources */,
				D725D62C20BB9B03004382DB /* YYDate.swift in Sources */,
				D710D0BD225A381500B0AC13 /* source.swift in Sources */,
				D7D5FF4D20BF902200BBC1A0 /* BorderLable.swift in Sources */,
				D70FDF3E200C8F1F00445D35 /* AppDelegate.swift in Sources */,
			);
			runOnlyForDeploymentPostprocessing = 0;
		};
/* End PBXSourcesBuildPhase section */

/* Begin PBXVariantGroup section */
		D70FDF41200C8F1F00445D35 /* Main.storyboard */ = {
			isa = PBXVariantGroup;
			children = (
				D70FDF42200C8F1F00445D35 /* Base */,
			);
			name = Main.storyboard;
			sourceTree = "<group>";
		};
		D70FDF46200C8F1F00445D35 /* LaunchScreen.storyboard */ = {
			isa = PBXVariantGroup;
			children = (
				D70FDF47200C8F1F00445D35 /* Base */,
			);
			name = LaunchScreen.storyboard;
			sourceTree = "<group>";
		};
/* End PBXVariantGroup section */

/* Begin XCBuildConfiguration section */
		D70FDF4A200C8F1F00445D35 /* Debug */ = {
			isa = XCBuildConfiguration;
			buildSettings = {
				ALWAYS_SEARCH_USER_PATHS = NO;
				CLANG_ANALYZER_NONNULL = YES;
				CLANG_ANALYZER_NUMBER_OBJECT_CONVERSION = YES_AGGRESSIVE;
				CLANG_CXX_LANGUAGE_STANDARD = "gnu++14";
				CLANG_CXX_LIBRARY = "libc++";
				CLANG_ENABLE_MODULES = YES;
				CLANG_ENABLE_OBJC_ARC = YES;
				CLANG_WARN_BLOCK_CAPTURE_AUTORELEASING = YES;
				CLANG_WARN_BOOL_CONVERSION = YES;
				CLANG_WARN_COMMA = YES;
				CLANG_WARN_CONSTANT_CONVERSION = YES;
				CLANG_WARN_DIRECT_OBJC_ISA_USAGE = YES_ERROR;
				CLANG_WARN_DOCUMENTATION_COMMENTS = YES;
				CLANG_WARN_EMPTY_BODY = YES;
				CLANG_WARN_ENUM_CONVERSION = YES;
				CLANG_WARN_INFINITE_RECURSION = YES;
				CLANG_WARN_INT_CONVERSION = YES;
				CLANG_WARN_NON_LITERAL_NULL_CONVERSION = YES;
				CLANG_WARN_OBJC_LITERAL_CONVERSION = YES;
				CLANG_WARN_OBJC_ROOT_CLASS = YES_ERROR;
				CLANG_WARN_RANGE_LOOP_ANALYSIS = YES;
				CLANG_WARN_STRICT_PROTOTYPES = YES;
				CLANG_WARN_SUSPICIOUS_MOVE = YES;
				CLANG_WARN_UNGUARDED_AVAILABILITY = YES_AGGRESSIVE;
				CLANG_WARN_UNREACHABLE_CODE = YES;
				CLANG_WARN__DUPLICATE_METHOD_MATCH = YES;
				CODE_SIGN_IDENTITY = "iPhone Developer";
				COPY_PHASE_STRIP = NO;
				DEBUG_INFORMATION_FORMAT = dwarf;
				ENABLE_STRICT_OBJC_MSGSEND = YES;
				ENABLE_TESTABILITY = YES;
				GCC_C_LANGUAGE_STANDARD = gnu11;
				GCC_DYNAMIC_NO_PIC = NO;
				GCC_NO_COMMON_BLOCKS = YES;
				GCC_OPTIMIZATION_LEVEL = 0;
				GCC_PREPROCESSOR_DEFINITIONS = (
					"DEBUG=1",
					"$(inherited)",
				);
				GCC_WARN_64_TO_32_BIT_CONVERSION = YES;
				GCC_WARN_ABOUT_RETURN_TYPE = YES_ERROR;
				GCC_WARN_UNDECLARED_SELECTOR = YES;
				GCC_WARN_UNINITIALIZED_AUTOS = YES_AGGRESSIVE;
				GCC_WARN_UNUSED_FUNCTION = YES;
				GCC_WARN_UNUSED_VARIABLE = YES;
				IPHONEOS_DEPLOYMENT_TARGET = 11.2;
				MTL_ENABLE_DEBUG_INFO = YES;
				ONLY_ACTIVE_ARCH = YES;
				SDKROOT = iphoneos;
				SWIFT_ACTIVE_COMPILATION_CONDITIONS = DEBUG;
				SWIFT_OPTIMIZATION_LEVEL = "-Onone";
			};
			name = Debug;
		};
		D70FDF4B200C8F1F00445D35 /* Release */ = {
			isa = XCBuildConfiguration;
			buildSettings = {
				ALWAYS_SEARCH_USER_PATHS = NO;
				CLANG_ANALYZER_NONNULL = YES;
				CLANG_ANALYZER_NUMBER_OBJECT_CONVERSION = YES_AGGRESSIVE;
				CLANG_CXX_LANGUAGE_STANDARD = "gnu++14";
				CLANG_CXX_LIBRARY = "libc++";
				CLANG_ENABLE_MODULES = YES;
				CLANG_ENABLE_OBJC_ARC = YES;
				CLANG_WARN_BLOCK_CAPTURE_AUTORELEASING = YES;
				CLANG_WARN_BOOL_CONVERSION = YES;
				CLANG_WARN_COMMA = YES;
				CLANG_WARN_CONSTANT_CONVERSION = YES;
				CLANG_WARN_DIRECT_OBJC_ISA_USAGE = YES_ERROR;
				CLANG_WARN_DOCUMENTATION_COMMENTS = YES;
				CLANG_WARN_EMPTY_BODY = YES;
				CLANG_WARN_ENUM_CONVERSION = YES;
				CLANG_WARN_INFINITE_RECURSION = YES;
				CLANG_WARN_INT_CONVERSION = YES;
				CLANG_WARN_NON_LITERAL_NULL_CONVERSION = YES;
				CLANG_WARN_OBJC_LITERAL_CONVERSION = YES;
				CLANG_WARN_OBJC_ROOT_CLASS = YES_ERROR;
				CLANG_WARN_RANGE_LOOP_ANALYSIS = YES;
				CLANG_WARN_STRICT_PROTOTYPES = YES;
				CLANG_WARN_SUSPICIOUS_MOVE = YES;
				CLANG_WARN_UNGUARDED_AVAILABILITY = YES_AGGRESSIVE;
				CLANG_WARN_UNREACHABLE_CODE = YES;
				CLANG_WARN__DUPLICATE_METHOD_MATCH = YES;
				CODE_SIGN_IDENTITY = "iPhone Developer";
				COPY_PHASE_STRIP = NO;
				DEBUG_INFORMATION_FORMAT = "dwarf-with-dsym";
				ENABLE_NS_ASSERTIONS = NO;
				ENABLE_STRICT_OBJC_MSGSEND = YES;
				GCC_C_LANGUAGE_STANDARD = gnu11;
				GCC_NO_COMMON_BLOCKS = YES;
				GCC_WARN_64_TO_32_BIT_CONVERSION = YES;
				GCC_WARN_ABOUT_RETURN_TYPE = YES_ERROR;
				GCC_WARN_UNDECLARED_SELECTOR = YES;
				GCC_WARN_UNINITIALIZED_AUTOS = YES_AGGRESSIVE;
				GCC_WARN_UNUSED_FUNCTION = YES;
				GCC_WARN_UNUSED_VARIABLE = YES;
				IPHONEOS_DEPLOYMENT_TARGET = 11.2;
				MTL_ENABLE_DEBUG_INFO = NO;
				SDKROOT = iphoneos;
				SWIFT_OPTIMIZATION_LEVEL = "-Owholemodule";
				VALIDATE_PRODUCT = YES;
			};
			name = Release;
		};
		D70FDF4D200C8F1F00445D35 /* Debug */ = {
			isa = XCBuildConfiguration;
			buildSettings = {
				ASSETCATALOG_COMPILER_APPICON_NAME = AppIcon;
				CODE_SIGN_STYLE = Automatic;
				DEVELOPMENT_TEAM = HKZ94N2PPE;
				INFOPLIST_FILE = swift_image_note/Info.plist;
				LD_RUNPATH_SEARCH_PATHS = "$(inherited) @executable_path/Frameworks";
				PRODUCT_BUNDLE_IDENTIFIER = "com.gci.tr.swift-image-note";
				PRODUCT_NAME = "$(TARGET_NAME)";
				SWIFT_VERSION = 4.0;
				TARGETED_DEVICE_FAMILY = "1,2";
			};
			name = Debug;
		};
		D70FDF4E200C8F1F00445D35 /* Release */ = {
			isa = XCBuildConfiguration;
			buildSettings = {
				ASSETCATALOG_COMPILER_APPICON_NAME = AppIcon;
				CODE_SIGN_STYLE = Automatic;
				DEVELOPMENT_TEAM = HKZ94N2PPE;
				INFOPLIST_FILE = swift_image_note/Info.plist;
				LD_RUNPATH_SEARCH_PATHS = "$(inherited) @executable_path/Frameworks";
				PRODUCT_BUNDLE_IDENTIFIER = "com.gci.tr.swift-image-note";
				PRODUCT_NAME = "$(TARGET_NAME)";
				SWIFT_VERSION = 4.0;
				TARGETED_DEVICE_FAMILY = "1,2";
			};
			name = Release;
		};
/* End XCBuildConfiguration section */

/* Begin XCConfigurationList section */
		D70FDF35200C8F1F00445D35 /* Build configuration list for PBXProject "swift_image_note" */ = {
			isa = XCConfigurationList;
			buildConfigurations = (
				D70FDF4A200C8F1F00445D35 /* Debug */,
				D70FDF4B200C8F1F00445D35 /* Release */,
			);
			defaultConfigurationIsVisible = 0;
			defaultConfigurationName = Release;
		};
		D70FDF4C200C8F1F00445D35 /* Build configuration list for PBXNativeTarget "swift_image_note" */ = {
			isa = XCConfigurationList;
			buildConfigurations = (
				D70FDF4D200C8F1F00445D35 /* Debug */,
				D70FDF4E200C8F1F00445D35 /* Release */,
			);
			defaultConfigurationIsVisible = 0;
			defaultConfigurationName = Release;
		};
/* End XCConfigurationList section */
	};
	rootObject = D70FDF32200C8F1F00445D35 /* Project object */;
}
