// !$*UTF8*$!
{
	archiveVersion = 1;
	classes = {
	};
	objectVersion = 48;
	objects = {

/* Begin PBXBuildFile section */
		D7A03CD11FCF9DF00035EA42 /* AppDelegate.m in Sources */ = {isa = PBXBuildFile; fileRef = D7A03CD01FCF9DF00035EA42 /* AppDelegate.m */; };
		D7A03CD41FCF9DF00035EA42 /* ViewController.m in Sources */ = {isa = PBXBuildFile; fileRef = D7A03CD31FCF9DF00035EA42 /* ViewController.m */; };
		D7A03CD71FCF9DF00035EA42 /* Main.storyboard in Resources */ = {isa = PBXBuildFile; fileRef = D7A03CD51FCF9DF00035EA42 /* Main.storyboard */; };
		D7A03CD91FCF9DF00035EA42 /* Assets.xcassets in Resources */ = {isa = PBXBuildFile; fileRef = D7A03CD81FCF9DF00035EA42 /* Assets.xcassets */; };
		D7A03CDC1FCF9DF00035EA42 /* LaunchScreen.storyboard in Resources */ = {isa = PBXBuildFile; fileRef = D7A03CDA1FCF9DF00035EA42 /* LaunchScreen.storyboard */; };
		D7A03CDF1FCF9DF00035EA42 /* main.m in Sources */ = {isa = PBXBuildFile; fileRef = D7A03CDE1FCF9DF00035EA42 /* main.m */; };
/* End PBXBuildFile section */

/* Begin PBXFileReference section */
		D7A03CCC1FCF9DF00035EA42 /* DecoderBuffer.app */ = {isa = PBXFileReference; explicitFileType = wrapper.application; includeInIndex = 0; path = DecoderBuffer.app; sourceTree = BUILT_PRODUCTS_DIR; };
		D7A03CCF1FCF9DF00035EA42 /* AppDelegate.h */ = {isa = PBXFileReference; lastKnownFileType = sourcecode.c.h; path = AppDelegate.h; sourceTree = "<group>"; };
		D7A03CD01FCF9DF00035EA42 /* AppDelegate.m */ = {isa = PBXFileReference; lastKnownFileType = sourcecode.c.objc; path = AppDelegate.m; sourceTree = "<group>"; };
		D7A03CD21FCF9DF00035EA42 /* ViewController.h */ = {isa = PBXFileReference; lastKnownFileType = sourcecode.c.h; path = ViewController.h; sourceTree = "<group>"; };
		D7A03CD31FCF9DF00035EA42 /* ViewController.m */ = {isa = PBXFileReference; lastKnownFileType = sourcecode.c.objc; path = ViewController.m; sourceTree = "<group>"; };
		D7A03CD61FCF9DF00035EA42 /* Base */ = {isa = PBXFileReference; lastKnownFileType = file.storyboard; name = Base; path = Base.lproj/Main.storyboard; sourceTree = "<group>"; };
		D7A03CD81FCF9DF00035EA42 /* Assets.xcassets */ = {isa = PBXFileReference; lastKnownFileType = folder.assetcatalog; path = Assets.xcassets; sourceTree = "<group>"; };
		D7A03CDB1FCF9DF00035EA42 /* Base */ = {isa = PBXFileReference; lastKnownFileType = file.storyboard; name = Base; path = Base.lproj/LaunchScreen.storyboard; sourceTree = "<group>"; };
		D7A03CDD1FCF9DF00035EA42 /* Info.plist */ = {isa = PBXFileReference; lastKnownFileType = text.plist.xml; path = Info.plist; sourceTree = "<group>"; };
		D7A03CDE1FCF9DF00035EA42 /* main.m */ = {isa = PBXFileReference; lastKnownFileType = sourcecode.c.objc; path = main.m; sourceTree = "<group>"; };
/* End PBXFileReference section */

/* Begin PBXFrameworksBuildPhase section */
		D7A03CC91FCF9DF00035EA42 /* Frameworks */ = {
			isa = PBXFrameworksBuildPhase;
			buildActionMask = 2147483647;
			files = (
			);
			runOnlyForDeploymentPostprocessing = 0;
		};
/* End PBXFrameworksBuildPhase section */

/* Begin PBXGroup section */
		D7A03CC31FCF9DF00035EA42 = {
			isa = PBXGroup;
			children = (
				D7A03CCE1FCF9DF00035EA42 /* DecoderBuffer */,
				D7A03CCD1FCF9DF00035EA42 /* Products */,
			);
			sourceTree = "<group>";
		};
		D7A03CCD1FCF9DF00035EA42 /* Products */ = {
			isa = PBXGroup;
			children = (
				D7A03CCC1FCF9DF00035EA42 /* DecoderBuffer.app */,
			);
			name = Products;
			sourceTree = "<group>";
		};
		D7A03CCE1FCF9DF00035EA42 /* DecoderBuffer */ = {
			isa = PBXGroup;
			children = (
				D7A03CCF1FCF9DF00035EA42 /* AppDelegate.h */,
				D7A03CD01FCF9DF00035EA42 /* AppDelegate.m */,
				D7A03CD21FCF9DF00035EA42 /* ViewController.h */,
				D7A03CD31FCF9DF00035EA42 /* ViewController.m */,
				D7A03CD51FCF9DF00035EA42 /* Main.storyboard */,
				D7A03CD81FCF9DF00035EA42 /* Assets.xcassets */,
				D7A03CDA1FCF9DF00035EA42 /* LaunchScreen.storyboard */,
				D7A03CDD1FCF9DF00035EA42 /* Info.plist */,
				D7A03CDE1FCF9DF00035EA42 /* main.m */,
			);
			path = DecoderBuffer;
			sourceTree = "<group>";
		};
/* End PBXGroup section */

/* Begin PBXNativeTarget section */
		D7A03CCB1FCF9DF00035EA42 /* DecoderBuffer */ = {
			isa = PBXNativeTarget;
			buildConfigurationList = D7A03CE21FCF9DF00035EA42 /* Build configuration list for PBXNativeTarget "DecoderBuffer" */;
			buildPhases = (
				D7A03CC81FCF9DF00035EA42 /* Sources */,
				D7A03CC91FCF9DF00035EA42 /* Frameworks */,
				D7A03CCA1FCF9DF00035EA42 /* Resources */,
			);
			buildRules = (
			);
			dependencies = (
			);
			name = DecoderBuffer;
			productName = DecoderBuffer;
			productReference = D7A03CCC1FCF9DF00035EA42 /* DecoderBuffer.app */;
			productType = "com.apple.product-type.application";
		};
/* End PBXNativeTarget section */

/* Begin PBXProject section */
		D7A03CC41FCF9DF00035EA42 /* Project object */ = {
			isa = PBXProject;
			attributes = {
				LastUpgradeCheck = 0910;
				ORGANIZATIONNAME = qiansheng;
				TargetAttributes = {
					D7A03CCB1FCF9DF00035EA42 = {
						CreatedOnToolsVersion = 9.1;
						ProvisioningStyle = Automatic;
					};
				};
			};
			buildConfigurationList = D7A03CC71FCF9DF00035EA42 /* Build configuration list for PBXProject "DecoderBuffer" */;
			compatibilityVersion = "Xcode 8.0";
			developmentRegion = en;
			hasScannedForEncodings = 0;
			knownRegions = (
				en,
				Base,
			);
			mainGroup = D7A03CC31FCF9DF00035EA42;
			productRefGroup = D7A03CCD1FCF9DF00035EA42 /* Products */;
			projectDirPath = "";
			projectRoot = "";
			targets = (
				D7A03CCB1FCF9DF00035EA42 /* DecoderBuffer */,
			);
		};
/* End PBXProject section */

/* Begin PBXResourcesBuildPhase section */
		D7A03CCA1FCF9DF00035EA42 /* Resources */ = {
			isa = PBXResourcesBuildPhase;
			buildActionMask = 2147483647;
			files = (
				D7A03CDC1FCF9DF00035EA42 /* LaunchScreen.storyboard in Resources */,
				D7A03CD91FCF9DF00035EA42 /* Assets.xcassets in Resources */,
				D7A03CD71FCF9DF00035EA42 /* Main.storyboard in Resources */,
			);
			runOnlyForDeploymentPostprocessing = 0;
		};
/* End PBXResourcesBuildPhase section */

/* Begin PBXSourcesBuildPhase section */
		D7A03CC81FCF9DF00035EA42 /* Sources */ = {
			isa = PBXSourcesBuildPhase;
			buildActionMask = 2147483647;
			files = (
				D7A03CD41FCF9DF00035EA42 /* ViewController.m in Sources */,
				D7A03CDF1FCF9DF00035EA42 /* main.m in Sources */,
				D7A03CD11FCF9DF00035EA42 /* AppDelegate.m in Sources */,
			);
			runOnlyForDeploymentPostprocessing = 0;
		};
/* End PBXSourcesBuildPhase section */

/* Begin PBXVariantGroup section */
		D7A03CD51FCF9DF00035EA42 /* Main.storyboard */ = {
			isa = PBXVariantGroup;
			children = (
				D7A03CD61FCF9DF00035EA42 /* Base */,
			);
			name = Main.storyboard;
			sourceTree = "<group>";
		};
		D7A03CDA1FCF9DF00035EA42 /* LaunchScreen.storyboard */ = {
			isa = PBXVariantGroup;
			children = (
				D7A03CDB1FCF9DF00035EA42 /* Base */,
			);
			name = LaunchScreen.storyboard;
			sourceTree = "<group>";
		};
/* End PBXVariantGroup section */

/* Begin XCBuildConfiguration section */
		D7A03CE01FCF9DF00035EA42 /* Debug */ = {
			isa = XCBuildConfiguration;
			buildSettings = {
				ALWAYS_SEARCH_USER_PATHS = NO;
				CLANG_ANALYZER_NONNULL = YES;
				CLANG_ANALYZER_NUMBER_OBJECT_CONVERSION = YES_AGGRESSIVE;
				CLANG_CXX_LANGUAGE_STANDARD = "gnu++14";
				CLANG_CXX_LIBRARY = "libc++";
				CLANG_ENABLE_MODULES = YES;
				CLANG_ENABLE_OBJC_ARC = YES;
				CLANG_WARN_BLOCK_CAPTURE_AUTORELEASING = YES;
				CLANG_WARN_BOOL_CONVERSION = YES;
				CLANG_WARN_COMMA = YES;
				CLANG_WARN_CONSTANT_CONVERSION = YES;
				CLANG_WARN_DIRECT_OBJC_ISA_USAGE = YES_ERROR;
				CLANG_WARN_DOCUMENTATION_COMMENTS = YES;
				CLANG_WARN_EMPTY_BODY = YES;
				CLANG_WARN_ENUM_CONVERSION = YES;
				CLANG_WARN_INFINITE_RECURSION = YES;
				CLANG_WARN_INT_CONVERSION = YES;
				CLANG_WARN_NON_LITERAL_NULL_CONVERSION = YES;
				CLANG_WARN_OBJC_LITERAL_CONVERSION = YES;
				CLANG_WARN_OBJC_ROOT_CLASS = YES_ERROR;
				CLANG_WARN_RANGE_LOOP_ANALYSIS = YES;
				CLANG_WARN_STRICT_PROTOTYPES = YES;
				CLANG_WARN_SUSPICIOUS_MOVE = YES;
				CLANG_WARN_UNGUARDED_AVAILABILITY = YES_AGGRESSIVE;
				CLANG_WARN_UNREACHABLE_CODE = YES;
				CLANG_WARN__DUPLICATE_METHOD_MATCH = YES;
				CODE_SIGN_IDENTITY = "iPhone Developer";
				COPY_PHASE_STRIP = NO;
				DEBUG_INFORMATION_FORMAT = dwarf;
				ENABLE_STRICT_OBJC_MSGSEND = YES;
				ENABLE_TESTABILITY = YES;
				GCC_C_LANGUAGE_STANDARD = gnu11;
				GCC_DYNAMIC_NO_PIC = NO;
				GCC_NO_COMMON_BLOCKS = YES;
				GCC_OPTIMIZATION_LEVEL = 0;
				GCC_PREPROCESSOR_DEFINITIONS = (
					"DEBUG=1",
					"$(inherited)",
				);
				GCC_WARN_64_TO_32_BIT_CONVERSION = YES;
				GCC_WARN_ABOUT_RETURN_TYPE = YES_ERROR;
				GCC_WARN_UNDECLARED_SELECTOR = YES;
				GCC_WARN_UNINITIALIZED_AUTOS = YES_AGGRESSIVE;
				GCC_WARN_UNUSED_FUNCTION = YES;
				GCC_WARN_UNUSED_VARIABLE = YES;
				IPHONEOS_DEPLOYMENT_TARGET = 11.1;
				MTL_ENABLE_DEBUG_INFO = YES;
				ONLY_ACTIVE_ARCH = YES;
				SDKROOT = iphoneos;
			};
			name = Debug;
		};
		D7A03CE11FCF9DF00035EA42 /* Release */ = {
			isa = XCBuildConfiguration;
			buildSettings = {
				ALWAYS_SEARCH_USER_PATHS = NO;
				CLANG_ANALYZER_NONNULL = YES;
				CLANG_ANALYZER_NUMBER_OBJECT_CONVERSION = YES_AGGRESSIVE;
				CLANG_CXX_LANGUAGE_STANDARD = "gnu++14";
				CLANG_CXX_LIBRARY = "libc++";
				CLANG_ENABLE_MODULES = YES;
				CLANG_ENABLE_OBJC_ARC = YES;
				CLANG_WARN_BLOCK_CAPTURE_AUTORELEASING = YES;
				CLANG_WARN_BOOL_CONVERSION = YES;
				CLANG_WARN_COMMA = YES;
				CLANG_WARN_CONSTANT_CONVERSION = YES;
				CLANG_WARN_DIRECT_OBJC_ISA_USAGE = YES_ERROR;
				CLANG_WARN_DOCUMENTATION_COMMENTS = YES;
				CLANG_WARN_EMPTY_BODY = YES;
				CLANG_WARN_ENUM_CONVERSION = YES;
				CLANG_WARN_INFINITE_RECURSION = YES;
				CLANG_WARN_INT_CONVERSION = YES;
				CLANG_WARN_NON_LITERAL_NULL_CONVERSION = YES;
				CLANG_WARN_OBJC_LITERAL_CONVERSION = YES;
				CLANG_WARN_OBJC_ROOT_CLASS = YES_ERROR;
				CLANG_WARN_RANGE_LOOP_ANALYSIS = YES;
				CLANG_WARN_STRICT_PROTOTYPES = YES;
				CLANG_WARN_SUSPICIOUS_MOVE = YES;
				CLANG_WARN_UNGUARDED_AVAILABILITY = YES_AGGRESSIVE;
				CLANG_WARN_UNREACHABLE_CODE = YES;
				CLANG_WARN__DUPLICATE_METHOD_MATCH = YES;
				CODE_SIGN_IDENTITY = "iPhone Developer";
				COPY_PHASE_STRIP = NO;
				DEBUG_INFORMATION_FORMAT = "dwarf-with-dsym";
				ENABLE_NS_ASSERTIONS = NO;
				ENABLE_STRICT_OBJC_MSGSEND = YES;
				GCC_C_LANGUAGE_STANDARD = gnu11;
				GCC_NO_COMMON_BLOCKS = YES;
				GCC_WARN_64_TO_32_BIT_CONVERSION = YES;
				GCC_WARN_ABOUT_RETURN_TYPE = YES_ERROR;
				GCC_WARN_UNDECLARED_SELECTOR = YES;
				GCC_WARN_UNINITIALIZED_AUTOS = YES_AGGRESSIVE;
				GCC_WARN_UNUSED_FUNCTION = YES;
				GCC_WARN_UNUSED_VARIABLE = YES;
				IPHONEOS_DEPLOYMENT_TARGET = 11.1;
				MTL_ENABLE_DEBUG_INFO = NO;
				SDKROOT = iphoneos;
				VALIDATE_PRODUCT = YES;
			};
			name = Release;
		};
		D7A03CE31FCF9DF00035EA42 /* Debug */ = {
			isa = XCBuildConfiguration;
			buildSettings = {
				ASSETCATALOG_COMPILER_APPICON_NAME = AppIcon;
				CODE_SIGN_STYLE = Automatic;
				DEVELOPMENT_TEAM = HKZ94N2PPE;
				INFOPLIST_FILE = DecoderBuffer/Info.plist;
				LD_RUNPATH_SEARCH_PATHS = "$(inherited) @executable_path/Frameworks";
				PRODUCT_BUNDLE_IDENTIFIER = com.QS.DecoderBuffer;
				PRODUCT_NAME = "$(TARGET_NAME)";
				TARGETED_DEVICE_FAMILY = "1,2";
			};
			name = Debug;
		};
		D7A03CE41FCF9DF00035EA42 /* Release */ = {
			isa = XCBuildConfiguration;
			buildSettings = {
				ASSETCATALOG_COMPILER_APPICON_NAME = AppIcon;
				CODE_SIGN_STYLE = Automatic;
				DEVELOPMENT_TEAM = HKZ94N2PPE;
				INFOPLIST_FILE = DecoderBuffer/Info.plist;
				LD_RUNPATH_SEARCH_PATHS = "$(inherited) @executable_path/Frameworks";
				PRODUCT_BUNDLE_IDENTIFIER = com.QS.DecoderBuffer;
				PRODUCT_NAME = "$(TARGET_NAME)";
				TARGETED_DEVICE_FAMILY = "1,2";
			};
			name = Release;
		};
/* End XCBuildConfiguration section */

/* Begin XCConfigurationList section */
		D7A03CC71FCF9DF00035EA42 /* Build configuration list for PBXProject "DecoderBuffer" */ = {
			isa = XCConfigurationList;
			buildConfigurations = (
				D7A03CE01FCF9DF00035EA42 /* Debug */,
				D7A03CE11FCF9DF00035EA42 /* Release */,
			);
			defaultConfigurationIsVisible = 0;
			defaultConfigurationName = Release;
		};
		D7A03CE21FCF9DF00035EA42 /* Build configuration list for PBXNativeTarget "DecoderBuffer" */ = {
			isa = XCConfigurationList;
			buildConfigurations = (
				D7A03CE31FCF9DF00035EA42 /* Debug */,
				D7A03CE41FCF9DF00035EA42 /* Release */,
			);
			defaultConfigurationIsVisible = 0;
			defaultConfigurationName = Release;
		};
/* End XCConfigurationList section */
	};
	rootObject = D7A03CC41FCF9DF00035EA42 /* Project object */;
}
