// !$*UTF8*$!
{
	archiveVersion = 1;
	classes = {
	};
	objectVersion = 48;
	objects = {

/* Begin PBXBuildFile section */
		D70FDF1D200C8EF600445D35 /* AppDelegate.m in Sources */ = {isa = PBXBuildFile; fileRef = D70FDF1C200C8EF600445D35 /* AppDelegate.m */; };
		D70FDF20200C8EF600445D35 /* ViewController.m in Sources */ = {isa = PBXBuildFile; fileRef = D70FDF1F200C8EF600445D35 /* ViewController.m */; };
		D70FDF23200C8EF600445D35 /* Main.storyboard in Resources */ = {isa = PBXBuildFile; fileRef = D70FDF21200C8EF600445D35 /* Main.storyboard */; };
		D70FDF25200C8EF600445D35 /* Assets.xcassets in Resources */ = {isa = PBXBuildFile; fileRef = D70FDF24200C8EF600445D35 /* Assets.xcassets */; };
		D70FDF28200C8EF600445D35 /* LaunchScreen.storyboard in Resources */ = {isa = PBXBuildFile; fileRef = D70FDF26200C8EF600445D35 /* LaunchScreen.storyboard */; };
		D70FDF2B200C8EF600445D35 /* main.m in Sources */ = {isa = PBXBuildFile; fileRef = D70FDF2A200C8EF600445D35 /* main.m */; };
/* End PBXBuildFile section */

/* Begin PBXFileReference section */
		D70FDF18200C8EF600445D35 /* oc_audio_note.app */ = {isa = PBXFileReference; explicitFileType = wrapper.application; includeInIndex = 0; path = oc_audio_note.app; sourceTree = BUILT_PRODUCTS_DIR; };
		D70FDF1B200C8EF600445D35 /* AppDelegate.h */ = {isa = PBXFileReference; lastKnownFileType = sourcecode.c.h; path = AppDelegate.h; sourceTree = "<group>"; };
		D70FDF1C200C8EF600445D35 /* AppDelegate.m */ = {isa = PBXFileReference; lastKnownFileType = sourcecode.c.objc; path = AppDelegate.m; sourceTree = "<group>"; };
		D70FDF1E200C8EF600445D35 /* ViewController.h */ = {isa = PBXFileReference; lastKnownFileType = sourcecode.c.h; path = ViewController.h; sourceTree = "<group>"; };
		D70FDF1F200C8EF600445D35 /* ViewController.m */ = {isa = PBXFileReference; lastKnownFileType = sourcecode.c.objc; path = ViewController.m; sourceTree = "<group>"; };
		D70FDF22200C8EF600445D35 /* Base */ = {isa = PBXFileReference; lastKnownFileType = file.storyboard; name = Base; path = Base.lproj/Main.storyboard; sourceTree = "<group>"; };
		D70FDF24200C8EF600445D35 /* Assets.xcassets */ = {isa = PBXFileReference; lastKnownFileType = folder.assetcatalog; path = Assets.xcassets; sourceTree = "<group>"; };
		D70FDF27200C8EF600445D35 /* Base */ = {isa = PBXFileReference; lastKnownFileType = file.storyboard; name = Base; path = Base.lproj/LaunchScreen.storyboard; sourceTree = "<group>"; };
		D70FDF29200C8EF600445D35 /* Info.plist */ = {isa = PBXFileReference; lastKnownFileType = text.plist.xml; path = Info.plist; sourceTree = "<group>"; };
		D70FDF2A200C8EF600445D35 /* main.m */ = {isa = PBXFileReference; lastKnownFileType = sourcecode.c.objc; path = main.m; sourceTree = "<group>"; };
/* End PBXFileReference section */

/* Begin PBXFrameworksBuildPhase section */
		D70FDF15200C8EF600445D35 /* Frameworks */ = {
			isa = PBXFrameworksBuildPhase;
			buildActionMask = 2147483647;
			files = (
			);
			runOnlyForDeploymentPostprocessing = 0;
		};
/* End PBXFrameworksBuildPhase section */

/* Begin PBXGroup section */
		D70FDF0F200C8EF600445D35 = {
			isa = PBXGroup;
			children = (
				D70FDF1A200C8EF600445D35 /* oc_audio_note */,
				D70FDF19200C8EF600445D35 /* Products */,
			);
			sourceTree = "<group>";
		};
		D70FDF19200C8EF600445D35 /* Products */ = {
			isa = PBXGroup;
			children = (
				D70FDF18200C8EF600445D35 /* oc_audio_note.app */,
			);
			name = Products;
			sourceTree = "<group>";
		};
		D70FDF1A200C8EF600445D35 /* oc_audio_note */ = {
			isa = PBXGroup;
			children = (
				D70FDF1B200C8EF600445D35 /* AppDelegate.h */,
				D70FDF1C200C8EF600445D35 /* AppDelegate.m */,
				D70FDF1E200C8EF600445D35 /* ViewController.h */,
				D70FDF1F200C8EF600445D35 /* ViewController.m */,
				D70FDF21200C8EF600445D35 /* Main.storyboard */,
				D70FDF24200C8EF600445D35 /* Assets.xcassets */,
				D70FDF26200C8EF600445D35 /* LaunchScreen.storyboard */,
				D70FDF29200C8EF600445D35 /* Info.plist */,
				D70FDF2A200C8EF600445D35 /* main.m */,
			);
			path = oc_audio_note;
			sourceTree = "<group>";
		};
/* End PBXGroup section */

/* Begin PBXNativeTarget section */
		D70FDF17200C8EF600445D35 /* oc_audio_note */ = {
			isa = PBXNativeTarget;
			buildConfigurationList = D70FDF2E200C8EF600445D35 /* Build configuration list for PBXNativeTarget "oc_audio_note" */;
			buildPhases = (
				D70FDF14200C8EF600445D35 /* Sources */,
				D70FDF15200C8EF600445D35 /* Frameworks */,
				D70FDF16200C8EF600445D35 /* Resources */,
			);
			buildRules = (
			);
			dependencies = (
			);
			name = oc_audio_note;
			productName = oc_audio_note;
			productReference = D70FDF18200C8EF600445D35 /* oc_audio_note.app */;
			productType = "com.apple.product-type.application";
		};
/* End PBXNativeTarget section */

/* Begin PBXProject section */
		D70FDF10200C8EF600445D35 /* Project object */ = {
			isa = PBXProject;
			attributes = {
				LastUpgradeCheck = 0920;
				ORGANIZATIONNAME = GCI;
				TargetAttributes = {
					D70FDF17200C8EF600445D35 = {
						CreatedOnToolsVersion = 9.2;
						ProvisioningStyle = Automatic;
					};
				};
			};
			buildConfigurationList = D70FDF13200C8EF600445D35 /* Build configuration list for PBXProject "oc_audio_note" */;
			compatibilityVersion = "Xcode 8.0";
			developmentRegion = en;
			hasScannedForEncodings = 0;
			knownRegions = (
				en,
				Base,
			);
			mainGroup = D70FDF0F200C8EF600445D35;
			productRefGroup = D70FDF19200C8EF600445D35 /* Products */;
			projectDirPath = "";
			projectRoot = "";
			targets = (
				D70FDF17200C8EF600445D35 /* oc_audio_note */,
			);
		};
/* End PBXProject section */

/* Begin PBXResourcesBuildPhase section */
		D70FDF16200C8EF600445D35 /* Resources */ = {
			isa = PBXResourcesBuildPhase;
			buildActionMask = 2147483647;
			files = (
				D70FDF28200C8EF600445D35 /* LaunchScreen.storyboard in Resources */,
				D70FDF25200C8EF600445D35 /* Assets.xcassets in Resources */,
				D70FDF23200C8EF600445D35 /* Main.storyboard in Resources */,
			);
			runOnlyForDeploymentPostprocessing = 0;
		};
/* End PBXResourcesBuildPhase section */

/* Begin PBXSourcesBuildPhase section */
		D70FDF14200C8EF600445D35 /* Sources */ = {
			isa = PBXSourcesBuildPhase;
			buildActionMask = 2147483647;
			files = (
				D70FDF20200C8EF600445D35 /* ViewController.m in Sources */,
				D70FDF2B200C8EF600445D35 /* main.m in Sources */,
				D70FDF1D200C8EF600445D35 /* AppDelegate.m in Sources */,
			);
			runOnlyForDeploymentPostprocessing = 0;
		};
/* End PBXSourcesBuildPhase section */

/* Begin PBXVariantGroup section */
		D70FDF21200C8EF600445D35 /* Main.storyboard */ = {
			isa = PBXVariantGroup;
			children = (
				D70FDF22200C8EF600445D35 /* Base */,
			);
			name = Main.storyboard;
			sourceTree = "<group>";
		};
		D70FDF26200C8EF600445D35 /* LaunchScreen.storyboard */ = {
			isa = PBXVariantGroup;
			children = (
				D70FDF27200C8EF600445D35 /* Base */,
			);
			name = LaunchScreen.storyboard;
			sourceTree = "<group>";
		};
/* End PBXVariantGroup section */

/* Begin XCBuildConfiguration section */
		D70FDF2C200C8EF600445D35 /* Debug */ = {
			isa = XCBuildConfiguration;
			buildSettings = {
				ALWAYS_SEARCH_USER_PATHS = NO;
				CLANG_ANALYZER_NONNULL = YES;
				CLANG_ANALYZER_NUMBER_OBJECT_CONVERSION = YES_AGGRESSIVE;
				CLANG_CXX_LANGUAGE_STANDARD = "gnu++14";
				CLANG_CXX_LIBRARY = "libc++";
				CLANG_ENABLE_MODULES = YES;
				CLANG_ENABLE_OBJC_ARC = YES;
				CLANG_WARN_BLOCK_CAPTURE_AUTORELEASING = YES;
				CLANG_WARN_BOOL_CONVERSION = YES;
				CLANG_WARN_COMMA = YES;
				CLANG_WARN_CONSTANT_CONVERSION = YES;
				CLANG_WARN_DIRECT_OBJC_ISA_USAGE = YES_ERROR;
				CLANG_WARN_DOCUMENTATION_COMMENTS = YES;
				CLANG_WARN_EMPTY_BODY = YES;
				CLANG_WARN_ENUM_CONVERSION = YES;
				CLANG_WARN_INFINITE_RECURSION = YES;
				CLANG_WARN_INT_CONVERSION = YES;
				CLANG_WARN_NON_LITERAL_NULL_CONVERSION = YES;
				CLANG_WARN_OBJC_LITERAL_CONVERSION = YES;
				CLANG_WARN_OBJC_ROOT_CLASS = YES_ERROR;
				CLANG_WARN_RANGE_LOOP_ANALYSIS = YES;
				CLANG_WARN_STRICT_PROTOTYPES = YES;
				CLANG_WARN_SUSPICIOUS_MOVE = YES;
				CLANG_WARN_UNGUARDED_AVAILABILITY = YES_AGGRESSIVE;
				CLANG_WARN_UNREACHABLE_CODE = YES;
				CLANG_WARN__DUPLICATE_METHOD_MATCH = YES;
				CODE_SIGN_IDENTITY = "iPhone Developer";
				COPY_PHASE_STRIP = NO;
				DEBUG_INFORMATION_FORMAT = dwarf;
				ENABLE_STRICT_OBJC_MSGSEND = YES;
				ENABLE_TESTABILITY = YES;
				GCC_C_LANGUAGE_STANDARD = gnu11;
				GCC_DYNAMIC_NO_PIC = NO;
				GCC_NO_COMMON_BLOCKS = YES;
				GCC_OPTIMIZATION_LEVEL = 0;
				GCC_PREPROCESSOR_DEFINITIONS = (
					"DEBUG=1",
					"$(inherited)",
				);
				GCC_WARN_64_TO_32_BIT_CONVERSION = YES;
				GCC_WARN_ABOUT_RETURN_TYPE = YES_ERROR;
				GCC_WARN_UNDECLARED_SELECTOR = YES;
				GCC_WARN_UNINITIALIZED_AUTOS = YES_AGGRESSIVE;
				GCC_WARN_UNUSED_FUNCTION = YES;
				GCC_WARN_UNUSED_VARIABLE = YES;
				IPHONEOS_DEPLOYMENT_TARGET = 11.2;
				MTL_ENABLE_DEBUG_INFO = YES;
				ONLY_ACTIVE_ARCH = YES;
				SDKROOT = iphoneos;
			};
			name = Debug;
		};
		D70FDF2D200C8EF600445D35 /* Release */ = {
			isa = XCBuildConfiguration;
			buildSettings = {
				ALWAYS_SEARCH_USER_PATHS = NO;
				CLANG_ANALYZER_NONNULL = YES;
				CLANG_ANALYZER_NUMBER_OBJECT_CONVERSION = YES_AGGRESSIVE;
				CLANG_CXX_LANGUAGE_STANDARD = "gnu++14";
				CLANG_CXX_LIBRARY = "libc++";
				CLANG_ENABLE_MODULES = YES;
				CLANG_ENABLE_OBJC_ARC = YES;
				CLANG_WARN_BLOCK_CAPTURE_AUTORELEASING = YES;
				CLANG_WARN_BOOL_CONVERSION = YES;
				CLANG_WARN_COMMA = YES;
				CLANG_WARN_CONSTANT_CONVERSION = YES;
				CLANG_WARN_DIRECT_OBJC_ISA_USAGE = YES_ERROR;
				CLANG_WARN_DOCUMENTATION_COMMENTS = YES;
				CLANG_WARN_EMPTY_BODY = YES;
				CLANG_WARN_ENUM_CONVERSION = YES;
				CLANG_WARN_INFINITE_RECURSION = YES;
				CLANG_WARN_INT_CONVERSION = YES;
				CLANG_WARN_NON_LITERAL_NULL_CONVERSION = YES;
				CLANG_WARN_OBJC_LITERAL_CONVERSION = YES;
				CLANG_WARN_OBJC_ROOT_CLASS = YES_ERROR;
				CLANG_WARN_RANGE_LOOP_ANALYSIS = YES;
				CLANG_WARN_STRICT_PROTOTYPES = YES;
				CLANG_WARN_SUSPICIOUS_MOVE = YES;
				CLANG_WARN_UNGUARDED_AVAILABILITY = YES_AGGRESSIVE;
				CLANG_WARN_UNREACHABLE_CODE = YES;
				CLANG_WARN__DUPLICATE_METHOD_MATCH = YES;
				CODE_SIGN_IDENTITY = "iPhone Developer";
				COPY_PHASE_STRIP = NO;
				DEBUG_INFORMATION_FORMAT = "dwarf-with-dsym";
				ENABLE_NS_ASSERTIONS = NO;
				ENABLE_STRICT_OBJC_MSGSEND = YES;
				GCC_C_LANGUAGE_STANDARD = gnu11;
				GCC_NO_COMMON_BLOCKS = YES;
				GCC_WARN_64_TO_32_BIT_CONVERSION = YES;
				GCC_WARN_ABOUT_RETURN_TYPE = YES_ERROR;
				GCC_WARN_UNDECLARED_SELECTOR = YES;
				GCC_WARN_UNINITIALIZED_AUTOS = YES_AGGRESSIVE;
				GCC_WARN_UNUSED_FUNCTION = YES;
				GCC_WARN_UNUSED_VARIABLE = YES;
				IPHONEOS_DEPLOYMENT_TARGET = 11.2;
				MTL_ENABLE_DEBUG_INFO = NO;
				SDKROOT = iphoneos;
				VALIDATE_PRODUCT = YES;
			};
			name = Release;
		};
		D70FDF2F200C8EF600445D35 /* Debug */ = {
			isa = XCBuildConfiguration;
			buildSettings = {
				ASSETCATALOG_COMPILER_APPICON_NAME = AppIcon;
				CODE_SIGN_STYLE = Automatic;
				DEVELOPMENT_TEAM = HKZ94N2PPE;
				INFOPLIST_FILE = oc_audio_note/Info.plist;
				LD_RUNPATH_SEARCH_PATHS = "$(inherited) @executable_path/Frameworks";
				PRODUCT_BUNDLE_IDENTIFIER = "com.gci.tr.oc-audio-note";
				PRODUCT_NAME = "$(TARGET_NAME)";
				TARGETED_DEVICE_FAMILY = "1,2";
			};
			name = Debug;
		};
		D70FDF30200C8EF600445D35 /* Release */ = {
			isa = XCBuildConfiguration;
			buildSettings = {
				ASSETCATALOG_COMPILER_APPICON_NAME = AppIcon;
				CODE_SIGN_STYLE = Automatic;
				DEVELOPMENT_TEAM = HKZ94N2PPE;
				INFOPLIST_FILE = oc_audio_note/Info.plist;
				LD_RUNPATH_SEARCH_PATHS = "$(inherited) @executable_path/Frameworks";
				PRODUCT_BUNDLE_IDENTIFIER = "com.gci.tr.oc-audio-note";
				PRODUCT_NAME = "$(TARGET_NAME)";
				TARGETED_DEVICE_FAMILY = "1,2";
			};
			name = Release;
		};
/* End XCBuildConfiguration section */

/* Begin XCConfigurationList section */
		D70FDF13200C8EF600445D35 /* Build configuration list for PBXProject "oc_audio_note" */ = {
			isa = XCConfigurationList;
			buildConfigurations = (
				D70FDF2C200C8EF600445D35 /* Debug */,
				D70FDF2D200C8EF600445D35 /* Release */,
			);
			defaultConfigurationIsVisible = 0;
			defaultConfigurationName = Release;
		};
		D70FDF2E200C8EF600445D35 /* Build configuration list for PBXNativeTarget "oc_audio_note" */ = {
			isa = XCConfigurationList;
			buildConfigurations = (
				D70FDF2F200C8EF600445D35 /* Debug */,
				D70FDF30200C8EF600445D35 /* Release */,
			);
			defaultConfigurationIsVisible = 0;
			defaultConfigurationName = Release;
		};
/* End XCConfigurationList section */
	};
	rootObject = D70FDF10200C8EF600445D35 /* Project object */;
}
